
Microsoft Visual Studio Solution File, Format Version 12.00
# Visual Studio Version 16
VisualStudioVersion = 16.0.31402.337
MinimumVisualStudioVersion = 10.0.40219.1
Project("{FAE04EC0-301F-11D3-BF4B-00C04F79EFBC}") = "WpfApp4", "WpfApp4\WpfApp4.csproj", "{B52D60BB-CEE4-41F4-A088-556A1872EFEF}"
EndProject
Global
	GlobalSection(SolutionConfigurationPlatforms) = preSolution
		Debug|Any CPU = Debug|Any CPU
		Release|Any CPU = Release|Any CPU
	EndGlobalSection
	GlobalSection(ProjectConfigurationPlatforms) = postSolution
		{B52D60BB-CEE4-41F4-A088-556A1872EFEF}.Debug|Any CPU.ActiveCfg = Debug|Any CPU
		{B52D60BB-CEE4-41F4-A088-556A1872EFEF}.Debug|Any CPU.Build.0 = Debug|Any CPU
		{B52D60BB-CEE4-41F4-A088-556A1872EFEF}.Release|Any CPU.ActiveCfg = Release|Any CPU
		{B52D60BB-CEE4-41F4-A088-556A1872EFEF}.Release|Any CPU.Build.0 = Release|Any CPU
	EndGlobalSection
	GlobalSection(SolutionProperties) = preSolution
		HideSolutionNode = FALSE
	EndGlobalSection
	GlobalSection(ExtensibilityGlobals) = postSolution
		SolutionGuid = {A77A3188-BE69-4E45-86EB-42BAA2663312}
	EndGlobalSection
EndGlobal
